
Microsoft Visual Studio Solution File, Format Version 12.00
# Visual Studio Version 17
VisualStudioVersion = 17.5.33516.290
MinimumVisualStudioVersion = 10.0.40219.1
Project("{FAE04EC0-301F-11D3-BF4B-00C04F79EFBC}") = "PooParcialJordanLoisi", "PooParcialJordanLoisi\PooParcialJordanLoisi.csproj", "{30B42BAB-047B-408C-8225-B1AEB678375B}"
EndProject
Project("{FAE04EC0-301F-11D3-BF4B-00C04F79EFBC}") = "PooParcial.Entidades", "PooParcial.Entidades\PooParcial.Entidades.csproj", "{43963393-20C7-44C1-915E-74705D573956}"
EndProject
Project("{FAE04EC0-301F-11D3-BF4B-00C04F79EFBC}") = "PooParcialTESTS", "PooParcialTESTS\PooParcialTESTS.csproj", "{D17654AE-7B9D-41A8-A848-5995715937CB}"
EndProject
Global
	GlobalSection(SolutionConfigurationPlatforms) = preSolution
		Debug|Any CPU = Debug|Any CPU
		Release|Any CPU = Release|Any CPU
	EndGlobalSection
	GlobalSection(ProjectConfigurationPlatforms) = postSolution
		{30B42BAB-047B-408C-8225-B1AEB678375B}.Debug|Any CPU.ActiveCfg = Debug|Any CPU
		{30B42BAB-047B-408C-8225-B1AEB678375B}.Debug|Any CPU.Build.0 = Debug|Any CPU
		{30B42BAB-047B-408C-8225-B1AEB678375B}.Release|Any CPU.ActiveCfg = Release|Any CPU
		{30B42BAB-047B-408C-8225-B1AEB678375B}.Release|Any CPU.Build.0 = Release|Any CPU
		{43963393-20C7-44C1-915E-74705D573956}.Debug|Any CPU.ActiveCfg = Debug|Any CPU
		{43963393-20C7-44C1-915E-74705D573956}.Debug|Any CPU.Build.0 = Debug|Any CPU
		{43963393-20C7-44C1-915E-74705D573956}.Release|Any CPU.ActiveCfg = Release|Any CPU
		{43963393-20C7-44C1-915E-74705D573956}.Release|Any CPU.Build.0 = Release|Any CPU
		{D17654AE-7B9D-41A8-A848-5995715937CB}.Debug|Any CPU.ActiveCfg = Debug|Any CPU
		{D17654AE-7B9D-41A8-A848-5995715937CB}.Debug|Any CPU.Build.0 = Debug|Any CPU
		{D17654AE-7B9D-41A8-A848-5995715937CB}.Release|Any CPU.ActiveCfg = Release|Any CPU
		{D17654AE-7B9D-41A8-A848-5995715937CB}.Release|Any CPU.Build.0 = Release|Any CPU
	EndGlobalSection
	GlobalSection(SolutionProperties) = preSolution
		HideSolutionNode = FALSE
	EndGlobalSection
	GlobalSection(ExtensibilityGlobals) = postSolution
		SolutionGuid = {B5D56E5A-034B-4AEC-B22D-E4DC1B45E50D}
	EndGlobalSection
EndGlobal
